// !$*UTF8*$!
{
	archiveVersion = 1;
	classes = {
	};
	objectVersion = 46;
	objects = {

/* Begin PBXBuildFile section */
		7E3356F11D07F4BF005924FE /* TableViewCell.swift in Sources */ = {isa = PBXBuildFile; fileRef = 7E3356EF1D07F4BF005924FE /* TableViewCell.swift */; };
		7E3356F21D07F4BF005924FE /* TableViewCell.xib in Resources */ = {isa = PBXBuildFile; fileRef = 7E3356F01D07F4BF005924FE /* TableViewCell.xib */; };
		7E3356F51D08013A005924FE /* LabelStudyViewController.swift in Sources */ = {isa = PBXBuildFile; fileRef = 7E3356F31D08013A005924FE /* LabelStudyViewController.swift */; };
		7E3356F61D08013A005924FE /* LabelStudyViewController.xib in Resources */ = {isa = PBXBuildFile; fileRef = 7E3356F41D08013A005924FE /* LabelStudyViewController.xib */; };
		7ED759CC1D07057100019760 /* AppDelegate.swift in Sources */ = {isa = PBXBuildFile; fileRef = 7ED759CB1D07057100019760 /* AppDelegate.swift */; };
		7ED759CE1D07057100019760 /* ViewController.swift in Sources */ = {isa = PBXBuildFile; fileRef = 7ED759CD1D07057100019760 /* ViewController.swift */; };
		7ED759D11D07057100019760 /* Main.storyboard in Resources */ = {isa = PBXBuildFile; fileRef = 7ED759CF1D07057100019760 /* Main.storyboard */; };
		7ED759D31D07057100019760 /* Assets.xcassets in Resources */ = {isa = PBXBuildFile; fileRef = 7ED759D21D07057100019760 /* Assets.xcassets */; };
		7ED759D61D07057100019760 /* LaunchScreen.storyboard in Resources */ = {isa = PBXBuildFile; fileRef = 7ED759D41D07057100019760 /* LaunchScreen.storyboard */; };
		7ED759E11D07057100019760 /* SwiftTests.swift in Sources */ = {isa = PBXBuildFile; fileRef = 7ED759E01D07057100019760 /* SwiftTests.swift */; };
		7ED759EC1D07057100019760 /* SwiftUITests.swift in Sources */ = {isa = PBXBuildFile; fileRef = 7ED759EB1D07057100019760 /* SwiftUITests.swift */; };
		7ED75A021D07B2D200019760 /* HomeUIViewController.swift in Sources */ = {isa = PBXBuildFile; fileRef = 7ED75A001D07B2D200019760 /* HomeUIViewController.swift */; };
		7ED75A031D07B2D200019760 /* HomeUIViewController.xib in Resources */ = {isa = PBXBuildFile; fileRef = 7ED75A011D07B2D200019760 /* HomeUIViewController.xib */; };
		D1968BBFF42FE8AE8B02D720 /* Pods.framework in Frameworks */ = {isa = PBXBuildFile; fileRef = 603DBAF119B32C1B5953D872 /* Pods.framework */; };
/* End PBXBuildFile section */

/* Begin PBXContainerItemProxy section */
		7ED759DD1D07057100019760 /* PBXContainerItemProxy */ = {
			isa = PBXContainerItemProxy;
			containerPortal = 7ED759C01D07057100019760 /* Project object */;
			proxyType = 1;
			remoteGlobalIDString = 7ED759C71D07057100019760;
			remoteInfo = Swift;
		};
		7ED759E81D07057100019760 /* PBXContainerItemProxy */ = {
			isa = PBXContainerItemProxy;
			containerPortal = 7ED759C01D07057100019760 /* Project object */;
			proxyType = 1;
			remoteGlobalIDString = 7ED759C71D07057100019760;
			remoteInfo = Swift;
		};
/* End PBXContainerItemProxy section */

/* Begin PBXFileReference section */
		603DBAF119B32C1B5953D872 /* Pods.framework */ = {isa = PBXFileReference; explicitFileType = wrapper.framework; includeInIndex = 0; path = Pods.framework; sourceTree = BUILT_PRODUCTS_DIR; };
		7E3356EF1D07F4BF005924FE /* TableViewCell.swift */ = {isa = PBXFileReference; fileEncoding = 4; lastKnownFileType = sourcecode.swift; path = TableViewCell.swift; sourceTree = "<group>"; };
		7E3356F01D07F4BF005924FE /* TableViewCell.xib */ = {isa = PBXFileReference; fileEncoding = 4; lastKnownFileType = file.xib; path = TableViewCell.xib; sourceTree = "<group>"; };
		7E3356F31D08013A005924FE /* LabelStudyViewController.swift */ = {isa = PBXFileReference; fileEncoding = 4; lastKnownFileType = sourcecode.swift; path = LabelStudyViewController.swift; sourceTree = "<group>"; };
		7E3356F41D08013A005924FE /* LabelStudyViewController.xib */ = {isa = PBXFileReference; fileEncoding = 4; lastKnownFileType = file.xib; path = LabelStudyViewController.xib; sourceTree = "<group>"; };
		7ED759C81D07057100019760 /* SwiftApp.app */ = {isa = PBXFileReference; explicitFileType = wrapper.application; includeInIndex = 0; path = SwiftApp.app; sourceTree = BUILT_PRODUCTS_DIR; };
		7ED759CB1D07057100019760 /* AppDelegate.swift */ = {isa = PBXFileReference; lastKnownFileType = sourcecode.swift; path = AppDelegate.swift; sourceTree = "<group>"; };
		7ED759CD1D07057100019760 /* ViewController.swift */ = {isa = PBXFileReference; lastKnownFileType = sourcecode.swift; path = ViewController.swift; sourceTree = "<group>"; };
		7ED759D01D07057100019760 /* Base */ = {isa = PBXFileReference; lastKnownFileType = file.storyboard; name = Base; path = Base.lproj/Main.storyboard; sourceTree = "<group>"; };
		7ED759D21D07057100019760 /* Assets.xcassets */ = {isa = PBXFileReference; lastKnownFileType = folder.assetcatalog; path = Assets.xcassets; sourceTree = "<group>"; };
		7ED759D51D07057100019760 /* Base */ = {isa = PBXFileReference; lastKnownFileType = file.storyboard; name = Base; path = Base.lproj/LaunchScreen.storyboard; sourceTree = "<group>"; };
		7ED759D71D07057100019760 /* Info.plist */ = {isa = PBXFileReference; lastKnownFileType = text.plist.xml; path = Info.plist; sourceTree = "<group>"; };
		7ED759DC1D07057100019760 /* SwiftApp.xctest */ = {isa = PBXFileReference; explicitFileType = wrapper.cfbundle; includeInIndex = 0; path = SwiftApp.xctest; sourceTree = BUILT_PRODUCTS_DIR; };
		7ED759E01D07057100019760 /* SwiftTests.swift */ = {isa = PBXFileReference; lastKnownFileType = sourcecode.swift; path = SwiftTests.swift; sourceTree = "<group>"; };
		7ED759E21D07057100019760 /* Info.plist */ = {isa = PBXFileReference; lastKnownFileType = text.plist.xml; path = Info.plist; sourceTree = "<group>"; };
		7ED759E71D07057100019760 /* SwiftApp.xctest */ = {isa = PBXFileReference; explicitFileType = wrapper.cfbundle; includeInIndex = 0; path = SwiftApp.xctest; sourceTree = BUILT_PRODUCTS_DIR; };
		7ED759EB1D07057100019760 /* SwiftUITests.swift */ = {isa = PBXFileReference; lastKnownFileType = sourcecode.swift; path = SwiftUITests.swift; sourceTree = "<group>"; };
		7ED759ED1D07057100019760 /* Info.plist */ = {isa = PBXFileReference; lastKnownFileType = text.plist.xml; path = Info.plist; sourceTree = "<group>"; };
		7ED75A001D07B2D200019760 /* HomeUIViewController.swift */ = {isa = PBXFileReference; fileEncoding = 4; lastKnownFileType = sourcecode.swift; path = HomeUIViewController.swift; sourceTree = "<group>"; };
		7ED75A011D07B2D200019760 /* HomeUIViewController.xib */ = {isa = PBXFileReference; fileEncoding = 4; lastKnownFileType = file.xib; path = HomeUIViewController.xib; sourceTree = "<group>"; };
		B400554CAD5180D9A790FA67 /* Pods.debug.xcconfig */ = {isa = PBXFileReference; includeInIndex = 1; lastKnownFileType = text.xcconfig; name = Pods.debug.xcconfig; path = "Pods/Target Support Files/Pods/Pods.debug.xcconfig"; sourceTree = "<group>"; };
		EA265DCBC1A9E9E8CFF3AE43 /* Pods.release.xcconfig */ = {isa = PBXFileReference; includeInIndex = 1; lastKnownFileType = text.xcconfig; name = Pods.release.xcconfig; path = "Pods/Target Support Files/Pods/Pods.release.xcconfig"; sourceTree = "<group>"; };
/* End PBXFileReference section */

/* Begin PBXFrameworksBuildPhase section */
		7ED759C51D07057100019760 /* Frameworks */ = {
			isa = PBXFrameworksBuildPhase;
			buildActionMask = 2147483647;
			files = (
				D1968BBFF42FE8AE8B02D720 /* Pods.framework in Frameworks */,
			);
			runOnlyForDeploymentPostprocessing = 0;
		};
		7ED759D91D07057100019760 /* Frameworks */ = {
			isa = PBXFrameworksBuildPhase;
			buildActionMask = 2147483647;
			files = (
			);
			runOnlyForDeploymentPostprocessing = 0;
		};
		7ED759E41D07057100019760 /* Frameworks */ = {
			isa = PBXFrameworksBuildPhase;
			buildActionMask = 2147483647;
			files = (
			);
			runOnlyForDeploymentPostprocessing = 0;
		};
/* End PBXFrameworksBuildPhase section */

/* Begin PBXGroup section */
		11E226FA1729530E1BA724C1 /* Frameworks */ = {
			isa = PBXGroup;
			children = (
				603DBAF119B32C1B5953D872 /* Pods.framework */,
			);
			name = Frameworks;
			sourceTree = "<group>";
		};
		7ED759BF1D07057100019760 = {
			isa = PBXGroup;
			children = (
				7ED759F91D079D1A00019760 /* Images */,
				7ED759CA1D07057100019760 /* SwiftApp */,
				7ED759DF1D07057100019760 /* SwiftTests */,
				7ED759EA1D07057100019760 /* SwiftUITests */,
				7ED759C91D07057100019760 /* Products */,
				F8181280E484ADE0C583F6EF /* Pods */,
				11E226FA1729530E1BA724C1 /* Frameworks */,
			);
			sourceTree = "<group>";
		};
		7ED759C91D07057100019760 /* Products */ = {
			isa = PBXGroup;
			children = (
				7ED759C81D07057100019760 /* SwiftApp.app */,
				7ED759DC1D07057100019760 /* SwiftApp.xctest */,
				7ED759E71D07057100019760 /* SwiftApp.xctest */,
			);
			name = Products;
			sourceTree = "<group>";
		};
		7ED759CA1D07057100019760 /* SwiftApp */ = {
			isa = PBXGroup;
			children = (
				7ED759CB1D07057100019760 /* AppDelegate.swift */,
				7ED759CD1D07057100019760 /* ViewController.swift */,
				7ED759CF1D07057100019760 /* Main.storyboard */,
				7ED759D21D07057100019760 /* Assets.xcassets */,
				7ED759D41D07057100019760 /* LaunchScreen.storyboard */,
				7ED759D71D07057100019760 /* Info.plist */,
				7ED75A001D07B2D200019760 /* HomeUIViewController.swift */,
				7ED75A011D07B2D200019760 /* HomeUIViewController.xib */,
				7E3356EF1D07F4BF005924FE /* TableViewCell.swift */,
				7E3356F01D07F4BF005924FE /* TableViewCell.xib */,
				7E3356F31D08013A005924FE /* LabelStudyViewController.swift */,
				7E3356F41D08013A005924FE /* LabelStudyViewController.xib */,
			);
			name = SwiftApp;
			path = Swift;
			sourceTree = "<group>";
		};
		7ED759DF1D07057100019760 /* SwiftTests */ = {
			isa = PBXGroup;
			children = (
				7ED759E01D07057100019760 /* SwiftTests.swift */,
				7ED759E21D07057100019760 /* Info.plist */,
			);
			path = SwiftTests;
			sourceTree = "<group>";
		};
		7ED759EA1D07057100019760 /* SwiftUITests */ = {
			isa = PBXGroup;
			children = (
				7ED759EB1D07057100019760 /* SwiftUITests.swift */,
				7ED759ED1D07057100019760 /* Info.plist */,
			);
			path = SwiftUITests;
			sourceTree = "<group>";
		};
		7ED759F91D079D1A00019760 /* Images */ = {
			isa = PBXGroup;
			children = (
			);
			name = Images;
			sourceTree = "<group>";
		};
		F8181280E484ADE0C583F6EF /* Pods */ = {
			isa = PBXGroup;
			children = (
				B400554CAD5180D9A790FA67 /* Pods.debug.xcconfig */,
				EA265DCBC1A9E9E8CFF3AE43 /* Pods.release.xcconfig */,
			);
			name = Pods;
			sourceTree = "<group>";
		};
/* End PBXGroup section */

/* Begin PBXNativeTarget section */
		7ED759C71D07057100019760 /* SwiftApp */ = {
			isa = PBXNativeTarget;
			buildConfigurationList = 7ED759F01D07057100019760 /* Build configuration list for PBXNativeTarget "SwiftApp" */;
			buildPhases = (
				1ECCE34F5FED81BBCA95A7DB /* Check Pods Manifest.lock */,
				7ED759C41D07057100019760 /* Sources */,
				7ED759C51D07057100019760 /* Frameworks */,
				7ED759C61D07057100019760 /* Resources */,
				91A8410D0BAF34B2865DB486 /* Embed Pods Frameworks */,
				462BBD9D8618C4BF4EF7168E /* Copy Pods Resources */,
			);
			buildRules = (
			);
			dependencies = (
			);
			name = SwiftApp;
			productName = Swift;
			productReference = 7ED759C81D07057100019760 /* SwiftApp.app */;
			productType = "com.apple.product-type.application";
		};
		7ED759DB1D07057100019760 /* SwiftAppTests */ = {
			isa = PBXNativeTarget;
			buildConfigurationList = 7ED759F31D07057100019760 /* Build configuration list for PBXNativeTarget "SwiftAppTests" */;
			buildPhases = (
				7ED759D81D07057100019760 /* Sources */,
				7ED759D91D07057100019760 /* Frameworks */,
				7ED759DA1D07057100019760 /* Resources */,
			);
			buildRules = (
			);
			dependencies = (
				7ED759DE1D07057100019760 /* PBXTargetDependency */,
			);
			name = SwiftAppTests;
			productName = SwiftTests;
			productReference = 7ED759DC1D07057100019760 /* SwiftApp.xctest */;
			productType = "com.apple.product-type.bundle.unit-test";
		};
		7ED759E61D07057100019760 /* SwiftAppUITests */ = {
			isa = PBXNativeTarget;
			buildConfigurationList = 7ED759F61D07057100019760 /* Build configuration list for PBXNativeTarget "SwiftAppUITests" */;
			buildPhases = (
				7ED759E31D07057100019760 /* Sources */,
				7ED759E41D07057100019760 /* Frameworks */,
				7ED759E51D07057100019760 /* Resources */,
			);
			buildRules = (
			);
			dependencies = (
				7ED759E91D07057100019760 /* PBXTargetDependency */,
			);
			name = SwiftAppUITests;
			productName = SwiftUITests;
			productReference = 7ED759E71D07057100019760 /* SwiftApp.xctest */;
			productType = "com.apple.product-type.bundle.ui-testing";
		};
/* End PBXNativeTarget section */

/* Begin PBXProject section */
		7ED759C01D07057100019760 /* Project object */ = {
			isa = PBXProject;
			attributes = {
				LastSwiftUpdateCheck = 0730;
				LastUpgradeCheck = 0730;
				ORGANIZATIONNAME = "朱佩";
				TargetAttributes = {
					7ED759C71D07057100019760 = {
						CreatedOnToolsVersion = 7.3.1;
						DevelopmentTeam = V82EA7APZ3;
					};
					7ED759DB1D07057100019760 = {
						CreatedOnToolsVersion = 7.3.1;
						DevelopmentTeam = V82EA7APZ3;
						TestTargetID = 7ED759C71D07057100019760;
					};
					7ED759E61D07057100019760 = {
						CreatedOnToolsVersion = 7.3.1;
						DevelopmentTeam = V82EA7APZ3;
						TestTargetID = 7ED759C71D07057100019760;
					};
				};
			};
			buildConfigurationList = 7ED759C31D07057100019760 /* Build configuration list for PBXProject "SwiftApp" */;
			compatibilityVersion = "Xcode 3.2";
			developmentRegion = English;
			hasScannedForEncodings = 0;
			knownRegions = (
				en,
				Base,
			);
			mainGroup = 7ED759BF1D07057100019760;
			productRefGroup = 7ED759C91D07057100019760 /* Products */;
			projectDirPath = "";
			projectRoot = "";
			targets = (
				7ED759C71D07057100019760 /* SwiftApp */,
				7ED759DB1D07057100019760 /* SwiftAppTests */,
				7ED759E61D07057100019760 /* SwiftAppUITests */,
			);
		};
/* End PBXProject section */

/* Begin PBXResourcesBuildPhase section */
		7ED759C61D07057100019760 /* Resources */ = {
			isa = PBXResourcesBuildPhase;
			buildActionMask = 2147483647;
			files = (
				7ED759D61D07057100019760 /* LaunchScreen.storyboard in Resources */,
				7E3356F61D08013A005924FE /* LabelStudyViewController.xib in Resources */,
				7E3356F21D07F4BF005924FE /* TableViewCell.xib in Resources */,
				7ED759D31D07057100019760 /* Assets.xcassets in Resources */,
				7ED759D11D07057100019760 /* Main.storyboard in Resources */,
				7ED75A031D07B2D200019760 /* HomeUIViewController.xib in Resources */,
			);
			runOnlyForDeploymentPostprocessing = 0;
		};
		7ED759DA1D07057100019760 /* Resources */ = {
			isa = PBXResourcesBuildPhase;
			buildActionMask = 2147483647;
			files = (
			);
			runOnlyForDeploymentPostprocessing = 0;
		};
		7ED759E51D07057100019760 /* Resources */ = {
			isa = PBXResourcesBuildPhase;
			buildActionMask = 2147483647;
			files = (
			);
			runOnlyForDeploymentPostprocessing = 0;
		};
/* End PBXResourcesBuildPhase section */

/* Begin PBXShellScriptBuildPhase section */
		1ECCE34F5FED81BBCA95A7DB /* Check Pods Manifest.lock */ = {
			isa = PBXShellScriptBuildPhase;
			buildActionMask = 2147483647;
			files = (
			);
			inputPaths = (
			);
			name = "Check Pods Manifest.lock";
			outputPaths = (
			);
			runOnlyForDeploymentPostprocessing = 0;
			shellPath = /bin/sh;
			shellScript = "diff \"${PODS_ROOT}/../Podfile.lock\" \"${PODS_ROOT}/Manifest.lock\" > /dev/null\nif [[ $? != 0 ]] ; then\n    cat << EOM\nerror: The sandbox is not in sync with the Podfile.lock. Run 'pod install' or update your CocoaPods installation.\nEOM\n    exit 1\nfi\n";
			showEnvVarsInLog = 0;
		};
		462BBD9D8618C4BF4EF7168E /* Copy Pods Resources */ = {
			isa = PBXShellScriptBuildPhase;
			buildActionMask = 2147483647;
			files = (
			);
			inputPaths = (
			);
			name = "Copy Pods Resources";
			outputPaths = (
			);
			runOnlyForDeploymentPostprocessing = 0;
			shellPath = /bin/sh;
			shellScript = "\"${SRCROOT}/Pods/Target Support Files/Pods/Pods-resources.sh\"\n";
			showEnvVarsInLog = 0;
		};
		91A8410D0BAF34B2865DB486 /* Embed Pods Frameworks */ = {
			isa = PBXShellScriptBuildPhase;
			buildActionMask = 2147483647;
			files = (
			);
			inputPaths = (
			);
			name = "Embed Pods Frameworks";
			outputPaths = (
			);
			runOnlyForDeploymentPostprocessing = 0;
			shellPath = /bin/sh;
			shellScript = "\"${SRCROOT}/Pods/Target Support Files/Pods/Pods-frameworks.sh\"\n";
			showEnvVarsInLog = 0;
		};
/* End PBXShellScriptBuildPhase section */

/* Begin PBXSourcesBuildPhase section */
		7ED759C41D07057100019760 /* Sources */ = {
			isa = PBXSourcesBuildPhase;
			buildActionMask = 2147483647;
			files = (
				7ED75A021D07B2D200019760 /* HomeUIViewController.swift in Sources */,
				7E3356F11D07F4BF005924FE /* TableViewCell.swift in Sources */,
				7E3356F51D08013A005924FE /* LabelStudyViewController.swift in Sources */,
				7ED759CE1D07057100019760 /* ViewController.swift in Sources */,
				7ED759CC1D07057100019760 /* AppDelegate.swift in Sources */,
			);
			runOnlyForDeploymentPostprocessing = 0;
		};
		7ED759D81D07057100019760 /* Sources */ = {
			isa = PBXSourcesBuildPhase;
			buildActionMask = 2147483647;
			files = (
				7ED759E11D07057100019760 /* SwiftTests.swift in Sources */,
			);
			runOnlyForDeploymentPostprocessing = 0;
		};
		7ED759E31D07057100019760 /* Sources */ = {
			isa = PBXSourcesBuildPhase;
			buildActionMask = 2147483647;
			files = (
				7ED759EC1D07057100019760 /* SwiftUITests.swift in Sources */,
			);
			runOnlyForDeploymentPostprocessing = 0;
		};
/* End PBXSourcesBuildPhase section */

/* Begin PBXTargetDependency section */
		7ED759DE1D07057100019760 /* PBXTargetDependency */ = {
			isa = PBXTargetDependency;
			target = 7ED759C71D07057100019760 /* SwiftApp */;
			targetProxy = 7ED759DD1D07057100019760 /* PBXContainerItemProxy */;
		};
		7ED759E91D07057100019760 /* PBXTargetDependency */ = {
			isa = PBXTargetDependency;
			target = 7ED759C71D07057100019760 /* SwiftApp */;
			targetProxy = 7ED759E81D07057100019760 /* PBXContainerItemProxy */;
		};
/* End PBXTargetDependency section */

/* Begin PBXVariantGroup section */
		7ED759CF1D07057100019760 /* Main.storyboard */ = {
			isa = PBXVariantGroup;
			children = (
				7ED759D01D07057100019760 /* Base */,
			);
			name = Main.storyboard;
			sourceTree = "<group>";
		};
		7ED759D41D07057100019760 /* LaunchScreen.storyboard */ = {
			isa = PBXVariantGroup;
			children = (
				7ED759D51D07057100019760 /* Base */,
			);
			name = LaunchScreen.storyboard;
			sourceTree = "<group>";
		};
/* End PBXVariantGroup section */

/* Begin XCBuildConfiguration section */
		7ED759EE1D07057100019760 /* Debug */ = {
			isa = XCBuildConfiguration;
			buildSettings = {
				ALWAYS_SEARCH_USER_PATHS = NO;
				CLANG_ANALYZER_NONNULL = YES;
				CLANG_CXX_LANGUAGE_STANDARD = "gnu++0x";
				CLANG_CXX_LIBRARY = "libc++";
				CLANG_ENABLE_MODULES = YES;
				CLANG_ENABLE_OBJC_ARC = YES;
				CLANG_WARN_BOOL_CONVERSION = YES;
				CLANG_WARN_CONSTANT_CONVERSION = YES;
				CLANG_WARN_DIRECT_OBJC_ISA_USAGE = YES_ERROR;
				CLANG_WARN_EMPTY_BODY = YES;
				CLANG_WARN_ENUM_CONVERSION = YES;
				CLANG_WARN_INT_CONVERSION = YES;
				CLANG_WARN_OBJC_ROOT_CLASS = YES_ERROR;
				CLANG_WARN_UNREACHABLE_CODE = YES;
				CLANG_WARN__DUPLICATE_METHOD_MATCH = YES;
				"CODE_SIGN_IDENTITY[sdk=iphoneos*]" = "iPhone Developer";
				COPY_PHASE_STRIP = NO;
				DEBUG_INFORMATION_FORMAT = dwarf;
				ENABLE_STRICT_OBJC_MSGSEND = YES;
				ENABLE_TESTABILITY = YES;
				GCC_C_LANGUAGE_STANDARD = gnu99;
				GCC_DYNAMIC_NO_PIC = NO;
				GCC_NO_COMMON_BLOCKS = YES;
				GCC_OPTIMIZATION_LEVEL = 0;
				GCC_PREPROCESSOR_DEFINITIONS = (
					"DEBUG=1",
					"$(inherited)",
				);
				GCC_WARN_64_TO_32_BIT_CONVERSION = YES;
				GCC_WARN_ABOUT_RETURN_TYPE = YES_ERROR;
				GCC_WARN_UNDECLARED_SELECTOR = YES;
				GCC_WARN_UNINITIALIZED_AUTOS = YES_AGGRESSIVE;
				GCC_WARN_UNUSED_FUNCTION = YES;
				GCC_WARN_UNUSED_VARIABLE = YES;
				IPHONEOS_DEPLOYMENT_TARGET = 9.3;
				MTL_ENABLE_DEBUG_INFO = YES;
				ONLY_ACTIVE_ARCH = YES;
				SDKROOT = iphoneos;
				SWIFT_OPTIMIZATION_LEVEL = "-Onone";
				TARGETED_DEVICE_FAMILY = "1,2";
			};
			name = Debug;
		};
		7ED759EF1D07057100019760 /* Release */ = {
			isa = XCBuildConfiguration;
			buildSettings = {
				ALWAYS_SEARCH_USER_PATHS = NO;
				CLANG_ANALYZER_NONNULL = YES;
				CLANG_CXX_LANGUAGE_STANDARD = "gnu++0x";
				CLANG_CXX_LIBRARY = "libc++";
				CLANG_ENABLE_MODULES = YES;
				CLANG_ENABLE_OBJC_ARC = YES;
				CLANG_WARN_BOOL_CONVERSION = YES;
				CLANG_WARN_CONSTANT_CONVERSION = YES;
				CLANG_WARN_DIRECT_OBJC_ISA_USAGE = YES_ERROR;
				CLANG_WARN_EMPTY_BODY = YES;
				CLANG_WARN_ENUM_CONVERSION = YES;
				CLANG_WARN_INT_CONVERSION = YES;
				CLANG_WARN_OBJC_ROOT_CLASS = YES_ERROR;
				CLANG_WARN_UNREACHABLE_CODE = YES;
				CLANG_WARN__DUPLICATE_METHOD_MATCH = YES;
				"CODE_SIGN_IDENTITY[sdk=iphoneos*]" = "iPhone Developer";
				COPY_PHASE_STRIP = NO;
				DEBUG_INFORMATION_FORMAT = "dwarf-with-dsym";
				ENABLE_NS_ASSERTIONS = NO;
				ENABLE_STRICT_OBJC_MSGSEND = YES;
				GCC_C_LANGUAGE_STANDARD = gnu99;
				GCC_NO_COMMON_BLOCKS = YES;
				GCC_WARN_64_TO_32_BIT_CONVERSION = YES;
				GCC_WARN_ABOUT_RETURN_TYPE = YES_ERROR;
				GCC_WARN_UNDECLARED_SELECTOR = YES;
				GCC_WARN_UNINITIALIZED_AUTOS = YES_AGGRESSIVE;
				GCC_WARN_UNUSED_FUNCTION = YES;
				GCC_WARN_UNUSED_VARIABLE = YES;
				IPHONEOS_DEPLOYMENT_TARGET = 9.3;
				MTL_ENABLE_DEBUG_INFO = NO;
				SDKROOT = iphoneos;
				TARGETED_DEVICE_FAMILY = "1,2";
				VALIDATE_PRODUCT = YES;
			};
			name = Release;
		};
		7ED759F11D07057100019760 /* Debug */ = {
			isa = XCBuildConfiguration;
			baseConfigurationReference = B400554CAD5180D9A790FA67 /* Pods.debug.xcconfig */;
			buildSettings = {
				ASSETCATALOG_COMPILER_APPICON_NAME = AppIcon;
				INFOPLIST_FILE = Swift/Info.plist;
				LD_RUNPATH_SEARCH_PATHS = "$(inherited) @executable_path/Frameworks";
				PRODUCT_BUNDLE_IDENTIFIER = www.spark.net.SwiftApp;
				PRODUCT_NAME = SwiftApp;
			};
			name = Debug;
		};
		7ED759F21D07057100019760 /* Release */ = {
			isa = XCBuildConfiguration;
			baseConfigurationReference = EA265DCBC1A9E9E8CFF3AE43 /* Pods.release.xcconfig */;
			buildSettings = {
				ASSETCATALOG_COMPILER_APPICON_NAME = AppIcon;
				INFOPLIST_FILE = Swift/Info.plist;
				LD_RUNPATH_SEARCH_PATHS = "$(inherited) @executable_path/Frameworks";
				PRODUCT_BUNDLE_IDENTIFIER = www.spark.net.SwiftApp;
				PRODUCT_NAME = SwiftApp;
			};
			name = Release;
		};
		7ED759F41D07057100019760 /* Debug */ = {
			isa = XCBuildConfiguration;
			buildSettings = {
				BUNDLE_LOADER = "$(TEST_HOST)";
				INFOPLIST_FILE = SwiftTests/Info.plist;
				LD_RUNPATH_SEARCH_PATHS = "$(inherited) @executable_path/Frameworks @loader_path/Frameworks";
				PRODUCT_BUNDLE_IDENTIFIER = www.spark.net.SwiftTests;
				PRODUCT_NAME = SwiftApp;
				TEST_HOST = "$(BUILT_PRODUCTS_DIR)/SwiftApp.app/SwiftApp";
			};
			name = Debug;
		};
		7ED759F51D07057100019760 /* Release */ = {
			isa = XCBuildConfiguration;
			buildSettings = {
				BUNDLE_LOADER = "$(TEST_HOST)";
				INFOPLIST_FILE = SwiftTests/Info.plist;
				LD_RUNPATH_SEARCH_PATHS = "$(inherited) @executable_path/Frameworks @loader_path/Frameworks";
				PRODUCT_BUNDLE_IDENTIFIER = www.spark.net.SwiftTests;
				PRODUCT_NAME = SwiftApp;
				TEST_HOST = "$(BUILT_PRODUCTS_DIR)/SwiftApp.app/SwiftApp";
			};
			name = Release;
		};
		7ED759F71D07057100019760 /* Debug */ = {
			isa = XCBuildConfiguration;
			buildSettings = {
				INFOPLIST_FILE = SwiftUITests/Info.plist;
				LD_RUNPATH_SEARCH_PATHS = "$(inherited) @executable_path/Frameworks @loader_path/Frameworks";
				PRODUCT_BUNDLE_IDENTIFIER = www.spark.net.SwiftUITests;
				PRODUCT_NAME = SwiftApp;
				TEST_TARGET_NAME = Swift;
			};
			name = Debug;
		};
		7ED759F81D07057100019760 /* Release */ = {
			isa = XCBuildConfiguration;
			buildSettings = {
				INFOPLIST_FILE = SwiftUITests/Info.plist;
				LD_RUNPATH_SEARCH_PATHS = "$(inherited) @executable_path/Frameworks @loader_path/Frameworks";
				PRODUCT_BUNDLE_IDENTIFIER = www.spark.net.SwiftUITests;
				PRODUCT_NAME = SwiftApp;
				TEST_TARGET_NAME = Swift;
			};
			name = Release;
		};
/* End XCBuildConfiguration section */

/* Begin XCConfigurationList section */
		7ED759C31D07057100019760 /* Build configuration list for PBXProject "SwiftApp" */ = {
			isa = XCConfigurationList;
			buildConfigurations = (
				7ED759EE1D07057100019760 /* Debug */,
				7ED759EF1D07057100019760 /* Release */,
			);
			defaultConfigurationIsVisible = 0;
			defaultConfigurationName = Release;
		};
		7ED759F01D07057100019760 /* Build configuration list for PBXNativeTarget "SwiftApp" */ = {
			isa = XCConfigurationList;
			buildConfigurations = (
				7ED759F11D07057100019760 /* Debug */,
				7ED759F21D07057100019760 /* Release */,
			);
			defaultConfigurationIsVisible = 0;
			defaultConfigurationName = Release;
		};
		7ED759F31D07057100019760 /* Build configuration list for PBXNativeTarget "SwiftAppTests" */ = {
			isa = XCConfigurationList;
			buildConfigurations = (
				7ED759F41D07057100019760 /* Debug */,
				7ED759F51D07057100019760 /* Release */,
			);
			defaultConfigurationIsVisible = 0;
			defaultConfigurationName = Release;
		};
		7ED759F61D07057100019760 /* Build configuration list for PBXNativeTarget "SwiftAppUITests" */ = {
			isa = XCConfigurationList;
			buildConfigurations = (
				7ED759F71D07057100019760 /* Debug */,
				7ED759F81D07057100019760 /* Release */,
			);
			defaultConfigurationIsVisible = 0;
			defaultConfigurationName = Release;
		};
/* End XCConfigurationList section */
	};
	rootObject = 7ED759C01D07057100019760 /* Project object */;
}
